
Microsoft Visual Studio Solution File, Format Version 11.00
# Visual Studio 2010
Project("{FAE04EC0-301F-11D3-BF4B-00C04F79EFBC}") = "Assembly-CSharp", "Assembly-CSharp.csproj", "{9b441303-71b9-a75b-0ee5-7fa7a229f63a}"
EndProject
Project("{FAE04EC0-301F-11D3-BF4B-00C04F79EFBC}") = "Assembly-CSharp-Editor", "Assembly-CSharp-Editor.csproj", "{b1538785-269a-d78c-a78d-4ba20b30af0d}"
EndProject
Global
	GlobalSection(SolutionConfigurationPlatforms) = preSolution
		Debug|Any CPU = Debug|Any CPU
	EndGlobalSection
	GlobalSection(ProjectConfigurationPlatforms) = postSolution
		{9b441303-71b9-a75b-0ee5-7fa7a229f63a}.Debug|Any CPU.ActiveCfg = Debug|Any CPU
		{9b441303-71b9-a75b-0ee5-7fa7a229f63a}.Debug|Any CPU.Build.0 = Debug|Any CPU
		{b1538785-269a-d78c-a78d-4ba20b30af0d}.Debug|Any CPU.ActiveCfg = Debug|Any CPU
		{b1538785-269a-d78c-a78d-4ba20b30af0d}.Debug|Any CPU.Build.0 = Debug|Any CPU
	EndGlobalSection
	GlobalSection(SolutionProperties) = preSolution
		HideSolutionNode = FALSE
	EndGlobalSection
EndGlobal
